
Microsoft Visual Studio Solution File, Format Version 12.00
# Visual Studio 14
VisualStudioVersion = 14.0.24720.0
MinimumVisualStudioVersion = 10.0.40219.1
Project("{FAE04EC0-301F-11D3-BF4B-00C04F79EFBC}") = "LeafService", "LeafService\LeafService.csproj", "{8C44D792-CAF1-4977-BC32-DD16151C0ED9}"
EndProject
Project("{FAE04EC0-301F-11D3-BF4B-00C04F79EFBC}") = "LeafService.Tests", "LeafService.Tests\LeafService.Tests.csproj", "{93D0848D-8E8E-4AAA-83B2-56AEFA1E9777}"
EndProject
Project("{FAE04EC0-301F-11D3-BF4B-00C04F79EFBC}") = "LeafCore", "LeafCore\LeafCore.csproj", "{CFA970B0-C14E-4474-8CEB-700C7C62410E}"
EndProject
Project("{FAE04EC0-301F-11D3-BF4B-00C04F79EFBC}") = "LeafUI", "LeafUI\LeafUI.csproj", "{9CE11741-13E2-47BC-9F98-A63528938AE2}"
EndProject
Project("{FAE04EC0-301F-11D3-BF4B-00C04F79EFBC}") = "Emgu.CV.Contrib", "..\..\Emgu\emgucv-windows-universal 3.0.0.2157\Emgu.CV.Contrib\Emgu.CV.Contrib.csproj", "{787D75D2-FE4D-4739-B9A5-2FB2617A42CC}"
EndProject
Project("{FAE04EC0-301F-11D3-BF4B-00C04F79EFBC}") = "LeafServiceuserInterfaceSilverlight", "LeafServiceuserInterfaceSilverlight\LeafServiceuserInterfaceSilverlight.csproj", "{8DB66CEF-3056-4A31-8F68-1B5D50271C96}"
EndProject
Project("{2150E333-8FDC-42A3-9474-1A3956D46DE8}") = "Solution Items", "Solution Items", "{D5B00298-19CD-4BC0-BD8F-73CFB8689D3E}"
	ProjectSection(SolutionItems) = preProject
		Performance1.psess = Performance1.psess
	EndProjectSection
EndProject
Project("{FAE04EC0-301F-11D3-BF4B-00C04F79EFBC}") = "LeafAnalysisConsole", "LeafAnalysisConsole\LeafAnalysisConsole.csproj", "{1408E394-69C5-4661-8DDB-1F85B08E1407}"
EndProject
Global
	GlobalSection(SolutionConfigurationPlatforms) = preSolution
		Debug|Any CPU = Debug|Any CPU
		Debug|ARM = Debug|ARM
		Debug|x64 = Debug|x64
		Debug|x86 = Debug|x86
		Release|Any CPU = Release|Any CPU
		Release|ARM = Release|ARM
		Release|x64 = Release|x64
		Release|x86 = Release|x86
	EndGlobalSection
	GlobalSection(ProjectConfigurationPlatforms) = postSolution
		{8C44D792-CAF1-4977-BC32-DD16151C0ED9}.Debug|Any CPU.ActiveCfg = Debug|Any CPU
		{8C44D792-CAF1-4977-BC32-DD16151C0ED9}.Debug|Any CPU.Build.0 = Debug|Any CPU
		{8C44D792-CAF1-4977-BC32-DD16151C0ED9}.Debug|ARM.ActiveCfg = Debug|Any CPU
		{8C44D792-CAF1-4977-BC32-DD16151C0ED9}.Debug|ARM.Build.0 = Debug|Any CPU
		{8C44D792-CAF1-4977-BC32-DD16151C0ED9}.Debug|x64.ActiveCfg = Debug|Any CPU
		{8C44D792-CAF1-4977-BC32-DD16151C0ED9}.Debug|x64.Build.0 = Debug|Any CPU
		{8C44D792-CAF1-4977-BC32-DD16151C0ED9}.Debug|x86.ActiveCfg = Debug|Any CPU
		{8C44D792-CAF1-4977-BC32-DD16151C0ED9}.Debug|x86.Build.0 = Debug|Any CPU
		{8C44D792-CAF1-4977-BC32-DD16151C0ED9}.Release|Any CPU.ActiveCfg = Release|Any CPU
		{8C44D792-CAF1-4977-BC32-DD16151C0ED9}.Release|Any CPU.Build.0 = Release|Any CPU
		{8C44D792-CAF1-4977-BC32-DD16151C0ED9}.Release|ARM.ActiveCfg = Release|Any CPU
		{8C44D792-CAF1-4977-BC32-DD16151C0ED9}.Release|ARM.Build.0 = Release|Any CPU
		{8C44D792-CAF1-4977-BC32-DD16151C0ED9}.Release|x64.ActiveCfg = Release|Any CPU
		{8C44D792-CAF1-4977-BC32-DD16151C0ED9}.Release|x64.Build.0 = Release|Any CPU
		{8C44D792-CAF1-4977-BC32-DD16151C0ED9}.Release|x86.ActiveCfg = Release|Any CPU
		{8C44D792-CAF1-4977-BC32-DD16151C0ED9}.Release|x86.Build.0 = Release|Any CPU
		{93D0848D-8E8E-4AAA-83B2-56AEFA1E9777}.Debug|Any CPU.ActiveCfg = Debug|Any CPU
		{93D0848D-8E8E-4AAA-83B2-56AEFA1E9777}.Debug|Any CPU.Build.0 = Debug|Any CPU
		{93D0848D-8E8E-4AAA-83B2-56AEFA1E9777}.Debug|ARM.ActiveCfg = Debug|Any CPU
		{93D0848D-8E8E-4AAA-83B2-56AEFA1E9777}.Debug|ARM.Build.0 = Debug|Any CPU
		{93D0848D-8E8E-4AAA-83B2-56AEFA1E9777}.Debug|x64.ActiveCfg = Debug|Any CPU
		{93D0848D-8E8E-4AAA-83B2-56AEFA1E9777}.Debug|x64.Build.0 = Debug|Any CPU
		{93D0848D-8E8E-4AAA-83B2-56AEFA1E9777}.Debug|x86.ActiveCfg = Debug|Any CPU
		{93D0848D-8E8E-4AAA-83B2-56AEFA1E9777}.Debug|x86.Build.0 = Debug|Any CPU
		{93D0848D-8E8E-4AAA-83B2-56AEFA1E9777}.Release|Any CPU.ActiveCfg = Release|Any CPU
		{93D0848D-8E8E-4AAA-83B2-56AEFA1E9777}.Release|Any CPU.Build.0 = Release|Any CPU
		{93D0848D-8E8E-4AAA-83B2-56AEFA1E9777}.Release|ARM.ActiveCfg = Release|Any CPU
		{93D0848D-8E8E-4AAA-83B2-56AEFA1E9777}.Release|ARM.Build.0 = Release|Any CPU
		{93D0848D-8E8E-4AAA-83B2-56AEFA1E9777}.Release|x64.ActiveCfg = Release|Any CPU
		{93D0848D-8E8E-4AAA-83B2-56AEFA1E9777}.Release|x64.Build.0 = Release|Any CPU
		{93D0848D-8E8E-4AAA-83B2-56AEFA1E9777}.Release|x86.ActiveCfg = Release|Any CPU
		{93D0848D-8E8E-4AAA-83B2-56AEFA1E9777}.Release|x86.Build.0 = Release|Any CPU
		{CFA970B0-C14E-4474-8CEB-700C7C62410E}.Debug|Any CPU.ActiveCfg = Debug|Any CPU
		{CFA970B0-C14E-4474-8CEB-700C7C62410E}.Debug|Any CPU.Build.0 = Debug|Any CPU
		{CFA970B0-C14E-4474-8CEB-700C7C62410E}.Debug|ARM.ActiveCfg = Debug|Any CPU
		{CFA970B0-C14E-4474-8CEB-700C7C62410E}.Debug|ARM.Build.0 = Debug|Any CPU
		{CFA970B0-C14E-4474-8CEB-700C7C62410E}.Debug|x64.ActiveCfg = Debug|Any CPU
		{CFA970B0-C14E-4474-8CEB-700C7C62410E}.Debug|x64.Build.0 = Debug|Any CPU
		{CFA970B0-C14E-4474-8CEB-700C7C62410E}.Debug|x86.ActiveCfg = Debug|Any CPU
		{CFA970B0-C14E-4474-8CEB-700C7C62410E}.Debug|x86.Build.0 = Debug|Any CPU
		{CFA970B0-C14E-4474-8CEB-700C7C62410E}.Release|Any CPU.ActiveCfg = Release|Any CPU
		{CFA970B0-C14E-4474-8CEB-700C7C62410E}.Release|Any CPU.Build.0 = Release|Any CPU
		{CFA970B0-C14E-4474-8CEB-700C7C62410E}.Release|ARM.ActiveCfg = Release|Any CPU
		{CFA970B0-C14E-4474-8CEB-700C7C62410E}.Release|ARM.Build.0 = Release|Any CPU
		{CFA970B0-C14E-4474-8CEB-700C7C62410E}.Release|x64.ActiveCfg = Release|Any CPU
		{CFA970B0-C14E-4474-8CEB-700C7C62410E}.Release|x64.Build.0 = Release|Any CPU
		{CFA970B0-C14E-4474-8CEB-700C7C62410E}.Release|x86.ActiveCfg = Release|Any CPU
		{CFA970B0-C14E-4474-8CEB-700C7C62410E}.Release|x86.Build.0 = Release|Any CPU
		{9CE11741-13E2-47BC-9F98-A63528938AE2}.Debug|Any CPU.ActiveCfg = Debug|Any CPU
		{9CE11741-13E2-47BC-9F98-A63528938AE2}.Debug|Any CPU.Build.0 = Debug|Any CPU
		{9CE11741-13E2-47BC-9F98-A63528938AE2}.Debug|ARM.ActiveCfg = Debug|Any CPU
		{9CE11741-13E2-47BC-9F98-A63528938AE2}.Debug|ARM.Build.0 = Debug|Any CPU
		{9CE11741-13E2-47BC-9F98-A63528938AE2}.Debug|x64.ActiveCfg = Debug|Any CPU
		{9CE11741-13E2-47BC-9F98-A63528938AE2}.Debug|x64.Build.0 = Debug|Any CPU
		{9CE11741-13E2-47BC-9F98-A63528938AE2}.Debug|x86.ActiveCfg = Debug|Any CPU
		{9CE11741-13E2-47BC-9F98-A63528938AE2}.Debug|x86.Build.0 = Debug|Any CPU
		{9CE11741-13E2-47BC-9F98-A63528938AE2}.Release|Any CPU.ActiveCfg = Release|Any CPU
		{9CE11741-13E2-47BC-9F98-A63528938AE2}.Release|Any CPU.Build.0 = Release|Any CPU
		{9CE11741-13E2-47BC-9F98-A63528938AE2}.Release|ARM.ActiveCfg = Release|Any CPU
		{9CE11741-13E2-47BC-9F98-A63528938AE2}.Release|ARM.Build.0 = Release|Any CPU
		{9CE11741-13E2-47BC-9F98-A63528938AE2}.Release|x64.ActiveCfg = Release|Any CPU
		{9CE11741-13E2-47BC-9F98-A63528938AE2}.Release|x64.Build.0 = Release|Any CPU
		{9CE11741-13E2-47BC-9F98-A63528938AE2}.Release|x86.ActiveCfg = Release|Any CPU
		{9CE11741-13E2-47BC-9F98-A63528938AE2}.Release|x86.Build.0 = Release|Any CPU
		{787D75D2-FE4D-4739-B9A5-2FB2617A42CC}.Debug|Any CPU.ActiveCfg = Debug|Any CPU
		{787D75D2-FE4D-4739-B9A5-2FB2617A42CC}.Debug|Any CPU.Build.0 = Debug|Any CPU
		{787D75D2-FE4D-4739-B9A5-2FB2617A42CC}.Debug|ARM.ActiveCfg = Debug|Any CPU
		{787D75D2-FE4D-4739-B9A5-2FB2617A42CC}.Debug|ARM.Build.0 = Debug|Any CPU
		{787D75D2-FE4D-4739-B9A5-2FB2617A42CC}.Debug|x64.ActiveCfg = Debug|Any CPU
		{787D75D2-FE4D-4739-B9A5-2FB2617A42CC}.Debug|x64.Build.0 = Debug|Any CPU
		{787D75D2-FE4D-4739-B9A5-2FB2617A42CC}.Debug|x86.ActiveCfg = Debug|Any CPU
		{787D75D2-FE4D-4739-B9A5-2FB2617A42CC}.Debug|x86.Build.0 = Debug|Any CPU
		{787D75D2-FE4D-4739-B9A5-2FB2617A42CC}.Release|Any CPU.ActiveCfg = Release|Any CPU
		{787D75D2-FE4D-4739-B9A5-2FB2617A42CC}.Release|Any CPU.Build.0 = Release|Any CPU
		{787D75D2-FE4D-4739-B9A5-2FB2617A42CC}.Release|ARM.ActiveCfg = Release|Any CPU
		{787D75D2-FE4D-4739-B9A5-2FB2617A42CC}.Release|ARM.Build.0 = Release|Any CPU
		{787D75D2-FE4D-4739-B9A5-2FB2617A42CC}.Release|x64.ActiveCfg = Release|Any CPU
		{787D75D2-FE4D-4739-B9A5-2FB2617A42CC}.Release|x64.Build.0 = Release|Any CPU
		{787D75D2-FE4D-4739-B9A5-2FB2617A42CC}.Release|x86.ActiveCfg = Release|Any CPU
		{787D75D2-FE4D-4739-B9A5-2FB2617A42CC}.Release|x86.Build.0 = Release|Any CPU
		{8DB66CEF-3056-4A31-8F68-1B5D50271C96}.Debug|Any CPU.ActiveCfg = Debug|Any CPU
		{8DB66CEF-3056-4A31-8F68-1B5D50271C96}.Debug|Any CPU.Build.0 = Debug|Any CPU
		{8DB66CEF-3056-4A31-8F68-1B5D50271C96}.Debug|Any CPU.Deploy.0 = Debug|Any CPU
		{8DB66CEF-3056-4A31-8F68-1B5D50271C96}.Debug|ARM.ActiveCfg = Debug|ARM
		{8DB66CEF-3056-4A31-8F68-1B5D50271C96}.Debug|ARM.Build.0 = Debug|ARM
		{8DB66CEF-3056-4A31-8F68-1B5D50271C96}.Debug|ARM.Deploy.0 = Debug|ARM
		{8DB66CEF-3056-4A31-8F68-1B5D50271C96}.Debug|x64.ActiveCfg = Debug|Any CPU
		{8DB66CEF-3056-4A31-8F68-1B5D50271C96}.Debug|x64.Build.0 = Debug|Any CPU
		{8DB66CEF-3056-4A31-8F68-1B5D50271C96}.Debug|x64.Deploy.0 = Debug|Any CPU
		{8DB66CEF-3056-4A31-8F68-1B5D50271C96}.Debug|x86.ActiveCfg = Debug|x86
		{8DB66CEF-3056-4A31-8F68-1B5D50271C96}.Debug|x86.Build.0 = Debug|x86
		{8DB66CEF-3056-4A31-8F68-1B5D50271C96}.Debug|x86.Deploy.0 = Debug|x86
		{8DB66CEF-3056-4A31-8F68-1B5D50271C96}.Release|Any CPU.ActiveCfg = Release|Any CPU
		{8DB66CEF-3056-4A31-8F68-1B5D50271C96}.Release|Any CPU.Build.0 = Release|Any CPU
		{8DB66CEF-3056-4A31-8F68-1B5D50271C96}.Release|Any CPU.Deploy.0 = Release|Any CPU
		{8DB66CEF-3056-4A31-8F68-1B5D50271C96}.Release|ARM.ActiveCfg = Release|ARM
		{8DB66CEF-3056-4A31-8F68-1B5D50271C96}.Release|ARM.Build.0 = Release|ARM
		{8DB66CEF-3056-4A31-8F68-1B5D50271C96}.Release|ARM.Deploy.0 = Release|ARM
		{8DB66CEF-3056-4A31-8F68-1B5D50271C96}.Release|x64.ActiveCfg = Release|Any CPU
		{8DB66CEF-3056-4A31-8F68-1B5D50271C96}.Release|x64.Build.0 = Release|Any CPU
		{8DB66CEF-3056-4A31-8F68-1B5D50271C96}.Release|x64.Deploy.0 = Release|Any CPU
		{8DB66CEF-3056-4A31-8F68-1B5D50271C96}.Release|x86.ActiveCfg = Release|x86
		{8DB66CEF-3056-4A31-8F68-1B5D50271C96}.Release|x86.Build.0 = Release|x86
		{8DB66CEF-3056-4A31-8F68-1B5D50271C96}.Release|x86.Deploy.0 = Release|x86
		{1408E394-69C5-4661-8DDB-1F85B08E1407}.Debug|Any CPU.ActiveCfg = Debug|Any CPU
		{1408E394-69C5-4661-8DDB-1F85B08E1407}.Debug|Any CPU.Build.0 = Debug|Any CPU
		{1408E394-69C5-4661-8DDB-1F85B08E1407}.Debug|ARM.ActiveCfg = Debug|Any CPU
		{1408E394-69C5-4661-8DDB-1F85B08E1407}.Debug|ARM.Build.0 = Debug|Any CPU
		{1408E394-69C5-4661-8DDB-1F85B08E1407}.Debug|x64.ActiveCfg = Debug|Any CPU
		{1408E394-69C5-4661-8DDB-1F85B08E1407}.Debug|x64.Build.0 = Debug|Any CPU
		{1408E394-69C5-4661-8DDB-1F85B08E1407}.Debug|x86.ActiveCfg = Debug|Any CPU
		{1408E394-69C5-4661-8DDB-1F85B08E1407}.Debug|x86.Build.0 = Debug|Any CPU
		{1408E394-69C5-4661-8DDB-1F85B08E1407}.Release|Any CPU.ActiveCfg = Release|Any CPU
		{1408E394-69C5-4661-8DDB-1F85B08E1407}.Release|Any CPU.Build.0 = Release|Any CPU
		{1408E394-69C5-4661-8DDB-1F85B08E1407}.Release|ARM.ActiveCfg = Release|Any CPU
		{1408E394-69C5-4661-8DDB-1F85B08E1407}.Release|ARM.Build.0 = Release|Any CPU
		{1408E394-69C5-4661-8DDB-1F85B08E1407}.Release|x64.ActiveCfg = Release|Any CPU
		{1408E394-69C5-4661-8DDB-1F85B08E1407}.Release|x64.Build.0 = Release|Any CPU
		{1408E394-69C5-4661-8DDB-1F85B08E1407}.Release|x86.ActiveCfg = Release|Any CPU
		{1408E394-69C5-4661-8DDB-1F85B08E1407}.Release|x86.Build.0 = Release|Any CPU
	EndGlobalSection
	GlobalSection(SolutionProperties) = preSolution
		HideSolutionNode = FALSE
	EndGlobalSection
EndGlobal
